
Microsoft Visual Studio Solution File, Format Version 12.00
# Visual Studio Version 17
VisualStudioVersion = 17.11.35222.181
MinimumVisualStudioVersion = 10.0.40219.1
Project("{FAE04EC0-301F-11D3-BF4B-00C04F79EFBC}") = "firstlaba", "firstlaba.csproj", "{E83950B5-6B91-43F4-886D-CD8B11ABA471}"
EndProject
Global
	GlobalSection(SolutionConfigurationPlatforms) = preSolution
		Debug|Any CPU = Debug|Any CPU
		Release|Any CPU = Release|Any CPU
	EndGlobalSection
	GlobalSection(ProjectConfigurationPlatforms) = postSolution
		{E83950B5-6B91-43F4-886D-CD8B11ABA471}.Debug|Any CPU.ActiveCfg = Debug|Any CPU
		{E83950B5-6B91-43F4-886D-CD8B11ABA471}.Debug|Any CPU.Build.0 = Debug|Any CPU
		{E83950B5-6B91-43F4-886D-CD8B11ABA471}.Release|Any CPU.ActiveCfg = Release|Any CPU
		{E83950B5-6B91-43F4-886D-CD8B11ABA471}.Release|Any CPU.Build.0 = Release|Any CPU
	EndGlobalSection
	GlobalSection(SolutionProperties) = preSolution
		HideSolutionNode = FALSE
	EndGlobalSection
	GlobalSection(ExtensibilityGlobals) = postSolution
		SolutionGuid = {1BBBAABE-7101-4364-B7CF-61EBFBF25D0E}
	EndGlobalSection
EndGlobal
